
Microsoft Visual Studio Solution File, Format Version 12.00
# Visual Studio Version 16
VisualStudioVersion = 16.0.29306.81
MinimumVisualStudioVersion = 10.0.40219.1
Project("{FAE04EC0-301F-11D3-BF4B-00C04F79EFBC}") = "WebAppIdeas", "WebAppIdeas.csproj", "{F8B8876C-C507-4D42-A48A-E2C7C837C7EB}"
EndProject
Global
	GlobalSection(SolutionConfigurationPlatforms) = preSolution
		Debug|Any CPU = Debug|Any CPU
		Release|Any CPU = Release|Any CPU
	EndGlobalSection
	GlobalSection(ProjectConfigurationPlatforms) = postSolution
		{F8B8876C-C507-4D42-A48A-E2C7C837C7EB}.Debug|Any CPU.ActiveCfg = Debug|Any CPU
		{F8B8876C-C507-4D42-A48A-E2C7C837C7EB}.Debug|Any CPU.Build.0 = Debug|Any CPU
		{F8B8876C-C507-4D42-A48A-E2C7C837C7EB}.Release|Any CPU.ActiveCfg = Release|Any CPU
		{F8B8876C-C507-4D42-A48A-E2C7C837C7EB}.Release|Any CPU.Build.0 = Release|Any CPU
	EndGlobalSection
	GlobalSection(SolutionProperties) = preSolution
		HideSolutionNode = FALSE
	EndGlobalSection
	GlobalSection(ExtensibilityGlobals) = postSolution
		SolutionGuid = {76D8D01E-22F7-44A0-BBE1-233863FE526E}
	EndGlobalSection
EndGlobal
